
Microsoft Visual Studio Solution File, Format Version 12.00
# Visual Studio Version 16
VisualStudioVersion = 16.0.29806.167
MinimumVisualStudioVersion = 10.0.40219.1
Project("{8BC9CEB8-8B4A-11D0-8D11-00A0C91BC942}") = "assignment4_Jae", "assignment4_Jae.vcxproj", "{9327BABA-EA8F-40CA-BF25-8D0F78ADC33C}"
EndProject
Global
	GlobalSection(SolutionConfigurationPlatforms) = preSolution
		Debug|x64 = Debug|x64
		Debug|x86 = Debug|x86
		Release|x64 = Release|x64
		Release|x86 = Release|x86
	EndGlobalSection
	GlobalSection(ProjectConfigurationPlatforms) = postSolution
		{9327BABA-EA8F-40CA-BF25-8D0F78ADC33C}.Debug|x64.ActiveCfg = Debug|x64
		{9327BABA-EA8F-40CA-BF25-8D0F78ADC33C}.Debug|x64.Build.0 = Debug|x64
		{9327BABA-EA8F-40CA-BF25-8D0F78ADC33C}.Debug|x86.ActiveCfg = Debug|Win32
		{9327BABA-EA8F-40CA-BF25-8D0F78ADC33C}.Debug|x86.Build.0 = Debug|Win32
		{9327BABA-EA8F-40CA-BF25-8D0F78ADC33C}.Release|x64.ActiveCfg = Release|x64
		{9327BABA-EA8F-40CA-BF25-8D0F78ADC33C}.Release|x64.Build.0 = Release|x64
		{9327BABA-EA8F-40CA-BF25-8D0F78ADC33C}.Release|x86.ActiveCfg = Release|Win32
		{9327BABA-EA8F-40CA-BF25-8D0F78ADC33C}.Release|x86.Build.0 = Release|Win32
	EndGlobalSection
	GlobalSection(SolutionProperties) = preSolution
		HideSolutionNode = FALSE
	EndGlobalSection
	GlobalSection(ExtensibilityGlobals) = postSolution
		SolutionGuid = {01686CFB-5401-4080-B3C0-AAF8E0E627D3}
	EndGlobalSection
EndGlobal
